{
  "requires": true,
  "lockfileVersion": 1,
  "dependencies": {
    "collisions": {
      "version": "2.0.13",
      "resolved": "https://registry.npmjs.org/collisions/-/collisions-2.0.13.tgz",
      "integrity": "sha512-KOTVGrIlzTkgmZp/OlYruqVpuAuBGcGTWurLp56n4+9c7NHBYWlF3TtNZc6hTr22GiGPE34+frBugQV4OEmFjQ==",
      "dev": true
    }
  }
}
