{
  "requires": true,
  "lockfileVersion": 1,
  "dependencies": {
    "collisions": {
      "version": "2.0.13",
      "resolved": "https://registry.npmjs.org/collisions/-/collisions-2.0.13.tgz",
      "integrity": "sha512-KOTVGrIlzTkgmZp/OlYruqVpuAuBGcGTWurLp56n4+9c7NHBYWlF3TtNZc6hTr22GiGPE34+frBugQV4OEmFjQ=="
    },
    "svg-pathdata": {
      "version": "5.0.2",
      "resolved": "https://registry.npmjs.org/svg-pathdata/-/svg-pathdata-5.0.2.tgz",
      "integrity": "sha512-tmfwioGZZaSMZnAGCFiWd30O2sVbA5/wVP/CS8Pcf9s1ptd6J26bZUFwkIRZy+GYmD+uCECdiAP7bPpLszj+1w=="
    }
  }
}
